
Microsoft Visual Studio Solution File, Format Version 12.00
Project("{FAE04EC0-301F-11D3-BF4B-00C04F79EFBC}") = "ExplosiveCatsServer", "ExplosiveCatsServer\ExplosiveCatsServer.csproj", "{3817B2A0-EF54-4ACC-BEAB-D2E62060FE85}"
EndProject
Project("{FAE04EC0-301F-11D3-BF4B-00C04F79EFBC}") = "ExplosiveCatsClient", "ExplosiveCatsClient\ExplosiveCatsClient.csproj", "{392BC1A3-6F45-4E7B-9EAF-3807E593A4BE}"
EndProject
Project("{FAE04EC0-301F-11D3-BF4B-00C04F79EFBC}") = "ExplosiveCatsEnums", "ExplosiveCatsEnums\ExplosiveCatsEnums.csproj", "{FD19339E-114B-4BD7-ADF2-C9104A4F80C2}"
EndProject
Project("{FAE04EC0-301F-11D3-BF4B-00C04F79EFBC}") = "ExplosiveCatsUi", "ExplosiveCatsUi\ExplosiveCatsUi.csproj", "{81EBEB60-55AE-4ABB-B4D8-D062704DB0AC}"
EndProject
Global
	GlobalSection(SolutionConfigurationPlatforms) = preSolution
		Debug|Any CPU = Debug|Any CPU
		Release|Any CPU = Release|Any CPU
	EndGlobalSection
	GlobalSection(ProjectConfigurationPlatforms) = postSolution
		{3817B2A0-EF54-4ACC-BEAB-D2E62060FE85}.Debug|Any CPU.ActiveCfg = Debug|Any CPU
		{3817B2A0-EF54-4ACC-BEAB-D2E62060FE85}.Debug|Any CPU.Build.0 = Debug|Any CPU
		{3817B2A0-EF54-4ACC-BEAB-D2E62060FE85}.Release|Any CPU.ActiveCfg = Release|Any CPU
		{3817B2A0-EF54-4ACC-BEAB-D2E62060FE85}.Release|Any CPU.Build.0 = Release|Any CPU
		{392BC1A3-6F45-4E7B-9EAF-3807E593A4BE}.Debug|Any CPU.ActiveCfg = Debug|Any CPU
		{392BC1A3-6F45-4E7B-9EAF-3807E593A4BE}.Debug|Any CPU.Build.0 = Debug|Any CPU
		{392BC1A3-6F45-4E7B-9EAF-3807E593A4BE}.Release|Any CPU.ActiveCfg = Release|Any CPU
		{392BC1A3-6F45-4E7B-9EAF-3807E593A4BE}.Release|Any CPU.Build.0 = Release|Any CPU
		{FD19339E-114B-4BD7-ADF2-C9104A4F80C2}.Debug|Any CPU.ActiveCfg = Debug|Any CPU
		{FD19339E-114B-4BD7-ADF2-C9104A4F80C2}.Debug|Any CPU.Build.0 = Debug|Any CPU
		{FD19339E-114B-4BD7-ADF2-C9104A4F80C2}.Release|Any CPU.ActiveCfg = Release|Any CPU
		{FD19339E-114B-4BD7-ADF2-C9104A4F80C2}.Release|Any CPU.Build.0 = Release|Any CPU
		{81EBEB60-55AE-4ABB-B4D8-D062704DB0AC}.Debug|Any CPU.ActiveCfg = Debug|Any CPU
		{81EBEB60-55AE-4ABB-B4D8-D062704DB0AC}.Debug|Any CPU.Build.0 = Debug|Any CPU
		{81EBEB60-55AE-4ABB-B4D8-D062704DB0AC}.Release|Any CPU.ActiveCfg = Release|Any CPU
		{81EBEB60-55AE-4ABB-B4D8-D062704DB0AC}.Release|Any CPU.Build.0 = Release|Any CPU
	EndGlobalSection
EndGlobal
